
Microsoft Visual Studio Solution File, Format Version 12.00
# Visual Studio Version 16
VisualStudioVersion = 16.0.31112.23
MinimumVisualStudioVersion = 10.0.40219.1
Project("{FAE04EC0-301F-11D3-BF4B-00C04F79EFBC}") = "RestWithASPNET", "RestWithASPNET\RestWithASPNET.csproj", "{95CD8A95-1309-4E48-9026-B3B83AC58149}"
EndProject
Global
	GlobalSection(SolutionConfigurationPlatforms) = preSolution
		Debug|Any CPU = Debug|Any CPU
		Release|Any CPU = Release|Any CPU
	EndGlobalSection
	GlobalSection(ProjectConfigurationPlatforms) = postSolution
		{95CD8A95-1309-4E48-9026-B3B83AC58149}.Debug|Any CPU.ActiveCfg = Debug|Any CPU
		{95CD8A95-1309-4E48-9026-B3B83AC58149}.Debug|Any CPU.Build.0 = Debug|Any CPU
		{95CD8A95-1309-4E48-9026-B3B83AC58149}.Release|Any CPU.ActiveCfg = Release|Any CPU
		{95CD8A95-1309-4E48-9026-B3B83AC58149}.Release|Any CPU.Build.0 = Release|Any CPU
	EndGlobalSection
	GlobalSection(SolutionProperties) = preSolution
		HideSolutionNode = FALSE
	EndGlobalSection
	GlobalSection(ExtensibilityGlobals) = postSolution
		SolutionGuid = {7A9E2F6D-D48C-49E3-98F5-47EA4CF5E29D}
	EndGlobalSection
EndGlobal
